{
  "nodes": {
    "binfiles": {
      "flake": false,
      "locked": {
        "lastModified": 1637915746,
        "narHash": "sha256-feRZZmDzWJjM7pzt50hIJCPXeTRGnDH8iyIaS30B1fQ=",
        "ref": "master",
        "rev": "97e67161d4df2c0048746f9e16697f3e1cd0a1d7",
        "revCount": 12,
        "type": "git",
        "url": "ssh://git@git.narbuto.lt:2203/simas/binfiles"
      },
      "original": {
        "ref": "master",
        "type": "git",
        "url": "ssh://git@git.narbuto.lt:2203/simas/binfiles"
      }
    },
    "home-manager": {
      "inputs": {
        "nixpkgs": [
          "nixpkgs"
        ]
      },
      "locked": {
        "lastModified": 1637019201,
        "narHash": "sha256-lq4gz51fx4m5FXfx1SCB444aEBeaYtLMVm3P18Wi9ls=",
        "owner": "nix-community",
        "repo": "home-manager",
        "rev": "bcf03fa16a1f06b8a0abb27bf49afa8d6fffe8f1",
        "type": "github"
      },
      "original": {
        "owner": "nix-community",
        "ref": "release-21.05",
        "repo": "home-manager",
        "type": "github"
      }
    },
    "nixpkgs": {
      "locked": {
        "lastModified": 1637798660,
        "narHash": "sha256-MrPmoGeiOjlT17j3ZQx6iab07YVnomRiBFLcOCiCYnk=",
        "owner": "NixOS",
        "repo": "nixpkgs",
        "rev": "91e6a9a6568f751bb10222a937507e7e151a035e",
        "type": "github"
      },
      "original": {
        "id": "nixpkgs",
        "ref": "nixos-21.05",
        "type": "indirect"
      }
    },
    "nixpkgs-unstable": {
      "locked": {
        "lastModified": 1637841632,
        "narHash": "sha256-QYqiKHdda0EOnLGQCHE+GluD/Lq2EJj4hVTooPM55Ic=",
        "owner": "NixOS",
        "repo": "nixpkgs",
        "rev": "73369f8d0864854d1acfa7f1e6217f7d6b6e3fa1",
        "type": "github"
      },
      "original": {
        "id": "nixpkgs",
        "ref": "nixos-unstable",
        "type": "indirect"
      }
    },
    "root": {
      "inputs": {
        "binfiles": "binfiles",
        "home-manager": "home-manager",
        "nixpkgs": "nixpkgs",
        "nixpkgs-unstable": "nixpkgs-unstable",
        "zshdfiles": "zshdfiles"
      }
    },
    "zshdfiles": {
      "flake": false,
      "locked": {
        "lastModified": 1623152785,
        "narHash": "sha256-XFbQzj22VcJCDOUq+unSxF4IlbLo9IAJKZY6xfg1Hhs=",
        "ref": "master",
        "rev": "3cd0a4e86cc0d4aea9ab13ad5f81ca4bdda90a35",
        "revCount": 2,
        "type": "git",
        "url": "ssh://git@git.narbuto.lt:2203/simas/zshd"
      },
      "original": {
        "ref": "master",
        "type": "git",
        "url": "ssh://git@git.narbuto.lt:2203/simas/zshd"
      }
    }
  },
  "root": "root",
  "version": 7
}
